
Microsoft Visual Studio Solution File, Format Version 12.00
# Visual Studio Version 17
VisualStudioVersion = 17.2.32526.322
MinimumVisualStudioVersion = 10.0.40219.1
Project("{FAE04EC0-301F-11D3-BF4B-00C04F79EFBC}") = "StudentLoans.API", "StudentLoans\StudentLoans.API.csproj", "{6C949E78-3A01-48CE-8496-0FC30945F0CD}"
EndProject
Project("{FAE04EC0-301F-11D3-BF4B-00C04F79EFBC}") = "StudentLoan.Domain", "StudentLoan.Domain\StudentLoan.Domain.csproj", "{FD4E9A13-F2B6-4B33-A1BF-342C4E7EEAD4}"
EndProject
Global
	GlobalSection(SolutionConfigurationPlatforms) = preSolution
		Debug|Any CPU = Debug|Any CPU
		Release|Any CPU = Release|Any CPU
	EndGlobalSection
	GlobalSection(ProjectConfigurationPlatforms) = postSolution
		{6C949E78-3A01-48CE-8496-0FC30945F0CD}.Debug|Any CPU.ActiveCfg = Debug|Any CPU
		{6C949E78-3A01-48CE-8496-0FC30945F0CD}.Debug|Any CPU.Build.0 = Debug|Any CPU
		{6C949E78-3A01-48CE-8496-0FC30945F0CD}.Release|Any CPU.ActiveCfg = Release|Any CPU
		{6C949E78-3A01-48CE-8496-0FC30945F0CD}.Release|Any CPU.Build.0 = Release|Any CPU
		{FD4E9A13-F2B6-4B33-A1BF-342C4E7EEAD4}.Debug|Any CPU.ActiveCfg = Debug|Any CPU
		{FD4E9A13-F2B6-4B33-A1BF-342C4E7EEAD4}.Debug|Any CPU.Build.0 = Debug|Any CPU
		{FD4E9A13-F2B6-4B33-A1BF-342C4E7EEAD4}.Release|Any CPU.ActiveCfg = Release|Any CPU
		{FD4E9A13-F2B6-4B33-A1BF-342C4E7EEAD4}.Release|Any CPU.Build.0 = Release|Any CPU
	EndGlobalSection
	GlobalSection(SolutionProperties) = preSolution
		HideSolutionNode = FALSE
	EndGlobalSection
	GlobalSection(ExtensibilityGlobals) = postSolution
		SolutionGuid = {38C9E989-BC57-4DEF-A7A9-ECDE3A4B0E7F}
	EndGlobalSection
EndGlobal
